# THIS IS AN AUTOGENERATED FILE. DO NOT EDIT THIS FILE DIRECTLY.
# yarn lockfile v1


"@contentful/rich-text-plain-text-renderer@^15.12.0":
  version "15.12.1"
  resolved "https://registry.yarnpkg.com/@contentful/rich-text-plain-text-renderer/-/rich-text-plain-text-renderer-15.12.1.tgz#1a83958db2a788e5226d372671d1467112b8e0c8"
  integrity sha512-0pDLs4V1dhK98yoIFq8e16Ey54uyAPLKeqMtry3db4X0zEuA/+6CEetoyEdJrySAaCkfB7+Y6n4vKMFUSPHs3Q==
  dependencies:
    "@contentful/rich-text-types" "^15.12.1"

"@contentful/rich-text-types@^15.12.1":
  version "15.12.1"
  resolved "https://registry.yarnpkg.com/@contentful/rich-text-types/-/rich-text-types-15.12.1.tgz#3b131f03fc55b6001f6eb5f5615aefb22678b3d3"
  integrity sha512-WQJic0fnAbTa8xzO3Z+aVqDmA5+JMNQlATQMVJ40GoOrnM8YoJZsKGf6xX/O6Y6Eq10T1LrpxIOslODFI9qFgg==

"@types/moment@^2.13.0":
  version "2.13.0"
  resolved "https://registry.yarnpkg.com/@types/moment/-/moment-2.13.0.tgz#604ebd189bc3bc34a1548689404e61a2a4aac896"
  integrity sha1-YE69GJvDvDShVIaJQE5hoqSqyJY=
  dependencies:
    moment "*"

moment@*, moment@^2.27.0:
  version "2.27.0"
  resolved "https://registry.yarnpkg.com/moment/-/moment-2.27.0.tgz#8bff4e3e26a236220dfe3e36de756b6ebaa0105d"
  integrity sha512-al0MUK7cpIcglMv3YF13qSgdAIqxHTO7brRtaz3DlSULbqfazqkc5kEjNrLDOM7fsjshoFIihnU8snrP7zUvhQ==

reading-time@^1.5.0:
  version "1.5.0"
  resolved "https://registry.yarnpkg.com/reading-time/-/reading-time-1.5.0.tgz#d2a7f1b6057cb2e169beaf87113cc3411b5bc5bb"
  integrity sha512-onYyVhBNr4CmAxFsKS7bz+uTLRakypIe4R+5A824vBSkQy/hB3fZepoVEf8OVAxzLvK+H/jm9TzpI3ETSm64Kg==
